
Microsoft Visual Studio Solution File, Format Version 12.00
# Visual Studio Version 17
VisualStudioVersion = 17.3.32811.315
MinimumVisualStudioVersion = 10.0.40219.1
Project("{8BC9CEB8-8B4A-11D0-8D11-00A0C91BC942}") = "재귀호출 함수", "재귀호출 함수.vcxproj", "{94ED9F4D-72E3-48E4-9351-D7908CF707CC}"
EndProject
Global
	GlobalSection(SolutionConfigurationPlatforms) = preSolution
		Debug|x64 = Debug|x64
		Debug|x86 = Debug|x86
		Release|x64 = Release|x64
		Release|x86 = Release|x86
	EndGlobalSection
	GlobalSection(ProjectConfigurationPlatforms) = postSolution
		{94ED9F4D-72E3-48E4-9351-D7908CF707CC}.Debug|x64.ActiveCfg = Debug|x64
		{94ED9F4D-72E3-48E4-9351-D7908CF707CC}.Debug|x64.Build.0 = Debug|x64
		{94ED9F4D-72E3-48E4-9351-D7908CF707CC}.Debug|x86.ActiveCfg = Debug|Win32
		{94ED9F4D-72E3-48E4-9351-D7908CF707CC}.Debug|x86.Build.0 = Debug|Win32
		{94ED9F4D-72E3-48E4-9351-D7908CF707CC}.Release|x64.ActiveCfg = Release|x64
		{94ED9F4D-72E3-48E4-9351-D7908CF707CC}.Release|x64.Build.0 = Release|x64
		{94ED9F4D-72E3-48E4-9351-D7908CF707CC}.Release|x86.ActiveCfg = Release|Win32
		{94ED9F4D-72E3-48E4-9351-D7908CF707CC}.Release|x86.Build.0 = Release|Win32
	EndGlobalSection
	GlobalSection(SolutionProperties) = preSolution
		HideSolutionNode = FALSE
	EndGlobalSection
	GlobalSection(ExtensibilityGlobals) = postSolution
		SolutionGuid = {680E9B59-F878-4E20-835E-54DE1915B289}
	EndGlobalSection
EndGlobal
